// !$*UTF8*$!
{
	archiveVersion = 1;
	classes = {
	};
	objectVersion = 52;
	objects = {

/* Begin PBXBuildFile section */
		4D1287BE2473D15000C4E3DF /* AppDelegate.swift in Sources */ = {isa = PBXBuildFile; fileRef = 4D1287BD2473D15000C4E3DF /* AppDelegate.swift */; };
		4D1287C02473D15000C4E3DF /* SceneDelegate.swift in Sources */ = {isa = PBXBuildFile; fileRef = 4D1287BF2473D15000C4E3DF /* SceneDelegate.swift */; };
		4D1287C22473D15000C4E3DF /* ViewController.swift in Sources */ = {isa = PBXBuildFile; fileRef = 4D1287C12473D15000C4E3DF /* ViewController.swift */; };
		4D1287C52473D15000C4E3DF /* Main.storyboard in Resources */ = {isa = PBXBuildFile; fileRef = 4D1287C32473D15000C4E3DF /* Main.storyboard */; };
		4D1287C72473D15300C4E3DF /* Assets.xcassets in Resources */ = {isa = PBXBuildFile; fileRef = 4D1287C62473D15300C4E3DF /* Assets.xcassets */; };
		4D1287CA2473D15300C4E3DF /* LaunchScreen.storyboard in Resources */ = {isa = PBXBuildFile; fileRef = 4D1287C82473D15300C4E3DF /* LaunchScreen.storyboard */; };
		4D1287D62473D30200C4E3DF /* Moya in Frameworks */ = {isa = PBXBuildFile; productRef = 4D1287D52473D30200C4E3DF /* Moya */; };
		4D1287DB2473D9F200C4E3DF /* .swiftlint.yml in Resources */ = {isa = PBXBuildFile; fileRef = 4D1287DA2473D9F200C4E3DF /* .swiftlint.yml */; };
		4D1287E8247438B100C4E3DF /* SDWebImage in Frameworks */ = {isa = PBXBuildFile; productRef = 4D1287E7247438B100C4E3DF /* SDWebImage */; };
		4D1287F824743B2500C4E3DF /* FirebaseInstallations.xcframework in Frameworks */ = {isa = PBXBuildFile; fileRef = 4D1287ED24743B2300C4E3DF /* FirebaseInstallations.xcframework */; };
		4D1287F924743B2500C4E3DF /* GoogleAppMeasurement.framework in Frameworks */ = {isa = PBXBuildFile; fileRef = 4D1287EE24743B2300C4E3DF /* GoogleAppMeasurement.framework */; };
		4D1287FA24743B2500C4E3DF /* nanopb.xcframework in Frameworks */ = {isa = PBXBuildFile; fileRef = 4D1287EF24743B2300C4E3DF /* nanopb.xcframework */; };
		4D1287FC24743B2500C4E3DF /* GoogleDataTransport.xcframework in Frameworks */ = {isa = PBXBuildFile; fileRef = 4D1287F124743B2400C4E3DF /* GoogleDataTransport.xcframework */; };
		4D1287FD24743B2500C4E3DF /* FIRAnalyticsConnector.framework in Frameworks */ = {isa = PBXBuildFile; fileRef = 4D1287F224743B2400C4E3DF /* FIRAnalyticsConnector.framework */; };
		4D1287FE24743B2500C4E3DF /* GoogleUtilities.xcframework in Frameworks */ = {isa = PBXBuildFile; fileRef = 4D1287F324743B2400C4E3DF /* GoogleUtilities.xcframework */; };
		4D1287FF24743B2500C4E3DF /* FirebaseCore.xcframework in Frameworks */ = {isa = PBXBuildFile; fileRef = 4D1287F424743B2400C4E3DF /* FirebaseCore.xcframework */; };
		4D12880024743B2500C4E3DF /* FirebaseAnalytics.framework in Frameworks */ = {isa = PBXBuildFile; fileRef = 4D1287F524743B2400C4E3DF /* FirebaseAnalytics.framework */; };
		4D12880124743B2500C4E3DF /* FirebaseCoreDiagnostics.xcframework in Frameworks */ = {isa = PBXBuildFile; fileRef = 4D1287F624743B2400C4E3DF /* FirebaseCoreDiagnostics.xcframework */; };
		4D12880224743B2500C4E3DF /* GoogleDataTransportCCTSupport.xcframework in Frameworks */ = {isa = PBXBuildFile; fileRef = 4D1287F724743B2500C4E3DF /* GoogleDataTransportCCTSupport.xcframework */; };
		4D12880524743B7700C4E3DF /* FirebaseCrashlytics.xcframework in Frameworks */ = {isa = PBXBuildFile; fileRef = 4D12880424743B7700C4E3DF /* FirebaseCrashlytics.xcframework */; };
		4D12880824743B7D00C4E3DF /* upload-symbols in Resources */ = {isa = PBXBuildFile; fileRef = 4D12880624743B7C00C4E3DF /* upload-symbols */; };
		4D12880924743B7D00C4E3DF /* run in Resources */ = {isa = PBXBuildFile; fileRef = 4D12880724743B7D00C4E3DF /* run */; };
		4D1288142474404F00C4E3DF /* GoogleService-Info.plist in Resources */ = {isa = PBXBuildFile; fileRef = 4D1288132474404F00C4E3DF /* GoogleService-Info.plist */; };
		4D128818247443D500C4E3DF /* Gedatsu in Frameworks */ = {isa = PBXBuildFile; productRef = 4D128817247443D500C4E3DF /* Gedatsu */; };
		4D12881B2474447900C4E3DF /* Logger.swift in Sources */ = {isa = PBXBuildFile; fileRef = 4D12881A2474447900C4E3DF /* Logger.swift */; };
		4D2EEA0624C8B93000E7A687 /* Promises in Frameworks */ = {isa = PBXBuildFile; productRef = 4D2EEA0524C8B93000E7A687 /* Promises */; };
		4D2EEA0824C8B93000E7A687 /* FBLPromises in Frameworks */ = {isa = PBXBuildFile; productRef = 4D2EEA0724C8B93000E7A687 /* FBLPromises */; };
		4D421DB624C88894002DE57B /* DionysosService.swift in Sources */ = {isa = PBXBuildFile; fileRef = 4D421DB524C88894002DE57B /* DionysosService.swift */; };
		4D421DB824C88940002DE57B /* DionysosProvider.swift in Sources */ = {isa = PBXBuildFile; fileRef = 4D421DB724C88940002DE57B /* DionysosProvider.swift */; };
		4D421DBD24C88EC9002DE57B /* SocialLoginHelper.swift in Sources */ = {isa = PBXBuildFile; fileRef = 4D421DBC24C88EC9002DE57B /* SocialLoginHelper.swift */; };
		4D421DC024C88EE1002DE57B /* FacebookLogin.swift in Sources */ = {isa = PBXBuildFile; fileRef = 4D421DBF24C88EE1002DE57B /* FacebookLogin.swift */; };
		4D421DC224C88EEC002DE57B /* AppleLogin.swift in Sources */ = {isa = PBXBuildFile; fileRef = 4D421DC124C88EEC002DE57B /* AppleLogin.swift */; };
		4D421DC424C88EF4002DE57B /* KakaoLogin.swift in Sources */ = {isa = PBXBuildFile; fileRef = 4D421DC324C88EF4002DE57B /* KakaoLogin.swift */; };
		4D421DC924C8A7CB002DE57B /* FacebookCore in Frameworks */ = {isa = PBXBuildFile; productRef = 4D421DC824C8A7CB002DE57B /* FacebookCore */; };
		4D421DCB24C8A7CB002DE57B /* FacebookLogin in Frameworks */ = {isa = PBXBuildFile; productRef = 4D421DCA24C8A7CB002DE57B /* FacebookLogin */; };
		4D421DCD24C8A7CB002DE57B /* FacebookShare in Frameworks */ = {isa = PBXBuildFile; productRef = 4D421DCC24C8A7CB002DE57B /* FacebookShare */; };
/* End PBXBuildFile section */

/* Begin PBXFileReference section */
		4D1287BA2473D15000C4E3DF /* Dionysos.app */ = {isa = PBXFileReference; explicitFileType = wrapper.application; includeInIndex = 0; path = Dionysos.app; sourceTree = BUILT_PRODUCTS_DIR; };
		4D1287BD2473D15000C4E3DF /* AppDelegate.swift */ = {isa = PBXFileReference; lastKnownFileType = sourcecode.swift; path = AppDelegate.swift; sourceTree = "<group>"; };
		4D1287BF2473D15000C4E3DF /* SceneDelegate.swift */ = {isa = PBXFileReference; lastKnownFileType = sourcecode.swift; path = SceneDelegate.swift; sourceTree = "<group>"; };
		4D1287C12473D15000C4E3DF /* ViewController.swift */ = {isa = PBXFileReference; lastKnownFileType = sourcecode.swift; path = ViewController.swift; sourceTree = "<group>"; };
		4D1287C42473D15000C4E3DF /* Base */ = {isa = PBXFileReference; lastKnownFileType = file.storyboard; name = Base; path = Base.lproj/Main.storyboard; sourceTree = "<group>"; };
		4D1287C62473D15300C4E3DF /* Assets.xcassets */ = {isa = PBXFileReference; lastKnownFileType = folder.assetcatalog; path = Assets.xcassets; sourceTree = "<group>"; };
		4D1287C92473D15300C4E3DF /* Base */ = {isa = PBXFileReference; lastKnownFileType = file.storyboard; name = Base; path = Base.lproj/LaunchScreen.storyboard; sourceTree = "<group>"; };
		4D1287CB2473D15300C4E3DF /* Info.plist */ = {isa = PBXFileReference; lastKnownFileType = text.plist.xml; path = Info.plist; sourceTree = "<group>"; };
		4D1287DA2473D9F200C4E3DF /* .swiftlint.yml */ = {isa = PBXFileReference; lastKnownFileType = text.yaml; path = .swiftlint.yml; sourceTree = "<group>"; };
		4D1287E92474391700C4E3DF /* Firebase.h */ = {isa = PBXFileReference; lastKnownFileType = sourcecode.c.h; path = Firebase.h; sourceTree = "<group>"; };
		4D1287ED24743B2300C4E3DF /* FirebaseInstallations.xcframework */ = {isa = PBXFileReference; lastKnownFileType = wrapper.xcframework; path = FirebaseInstallations.xcframework; sourceTree = "<group>"; };
		4D1287EE24743B2300C4E3DF /* GoogleAppMeasurement.framework */ = {isa = PBXFileReference; lastKnownFileType = wrapper.framework; path = GoogleAppMeasurement.framework; sourceTree = "<group>"; };
		4D1287EF24743B2300C4E3DF /* nanopb.xcframework */ = {isa = PBXFileReference; lastKnownFileType = wrapper.xcframework; path = nanopb.xcframework; sourceTree = "<group>"; };
		4D1287F124743B2400C4E3DF /* GoogleDataTransport.xcframework */ = {isa = PBXFileReference; lastKnownFileType = wrapper.xcframework; path = GoogleDataTransport.xcframework; sourceTree = "<group>"; };
		4D1287F224743B2400C4E3DF /* FIRAnalyticsConnector.framework */ = {isa = PBXFileReference; lastKnownFileType = wrapper.framework; path = FIRAnalyticsConnector.framework; sourceTree = "<group>"; };
		4D1287F324743B2400C4E3DF /* GoogleUtilities.xcframework */ = {isa = PBXFileReference; lastKnownFileType = wrapper.xcframework; path = GoogleUtilities.xcframework; sourceTree = "<group>"; };
		4D1287F424743B2400C4E3DF /* FirebaseCore.xcframework */ = {isa = PBXFileReference; lastKnownFileType = wrapper.xcframework; path = FirebaseCore.xcframework; sourceTree = "<group>"; };
		4D1287F524743B2400C4E3DF /* FirebaseAnalytics.framework */ = {isa = PBXFileReference; lastKnownFileType = wrapper.framework; path = FirebaseAnalytics.framework; sourceTree = "<group>"; };
		4D1287F624743B2400C4E3DF /* FirebaseCoreDiagnostics.xcframework */ = {isa = PBXFileReference; lastKnownFileType = wrapper.xcframework; path = FirebaseCoreDiagnostics.xcframework; sourceTree = "<group>"; };
		4D1287F724743B2500C4E3DF /* GoogleDataTransportCCTSupport.xcframework */ = {isa = PBXFileReference; lastKnownFileType = wrapper.xcframework; path = GoogleDataTransportCCTSupport.xcframework; sourceTree = "<group>"; };
		4D12880424743B7700C4E3DF /* FirebaseCrashlytics.xcframework */ = {isa = PBXFileReference; lastKnownFileType = wrapper.xcframework; path = FirebaseCrashlytics.xcframework; sourceTree = "<group>"; };
		4D12880624743B7C00C4E3DF /* upload-symbols */ = {isa = PBXFileReference; lastKnownFileType = "compiled.mach-o.executable"; path = "upload-symbols"; sourceTree = "<group>"; };
		4D12880724743B7D00C4E3DF /* run */ = {isa = PBXFileReference; fileEncoding = 4; lastKnownFileType = text.script.sh; path = run; sourceTree = "<group>"; };
		4D12880C24743CD400C4E3DF /* module.modulemap */ = {isa = PBXFileReference; fileEncoding = 4; lastKnownFileType = "sourcecode.module-map"; path = module.modulemap; sourceTree = "<group>"; };
		4D1288132474404F00C4E3DF /* GoogleService-Info.plist */ = {isa = PBXFileReference; fileEncoding = 4; lastKnownFileType = text.plist.xml; path = "GoogleService-Info.plist"; sourceTree = "<group>"; };
		4D12881A2474447900C4E3DF /* Logger.swift */ = {isa = PBXFileReference; lastKnownFileType = sourcecode.swift; path = Logger.swift; sourceTree = "<group>"; };
		4D421DB524C88894002DE57B /* DionysosService.swift */ = {isa = PBXFileReference; lastKnownFileType = sourcecode.swift; path = DionysosService.swift; sourceTree = "<group>"; };
		4D421DB724C88940002DE57B /* DionysosProvider.swift */ = {isa = PBXFileReference; lastKnownFileType = sourcecode.swift; path = DionysosProvider.swift; sourceTree = "<group>"; };
		4D421DBC24C88EC9002DE57B /* SocialLoginHelper.swift */ = {isa = PBXFileReference; lastKnownFileType = sourcecode.swift; path = SocialLoginHelper.swift; sourceTree = "<group>"; };
		4D421DBF24C88EE1002DE57B /* FacebookLogin.swift */ = {isa = PBXFileReference; lastKnownFileType = sourcecode.swift; path = FacebookLogin.swift; sourceTree = "<group>"; };
		4D421DC124C88EEC002DE57B /* AppleLogin.swift */ = {isa = PBXFileReference; lastKnownFileType = sourcecode.swift; path = AppleLogin.swift; sourceTree = "<group>"; };
		4D421DC324C88EF4002DE57B /* KakaoLogin.swift */ = {isa = PBXFileReference; lastKnownFileType = sourcecode.swift; path = KakaoLogin.swift; sourceTree = "<group>"; };
/* End PBXFileReference section */

/* Begin PBXFrameworksBuildPhase section */
		4D1287B72473D15000C4E3DF /* Frameworks */ = {
			isa = PBXFrameworksBuildPhase;
			buildActionMask = 2147483647;
			files = (
				4D2EEA0624C8B93000E7A687 /* Promises in Frameworks */,
				4D1287E8247438B100C4E3DF /* SDWebImage in Frameworks */,
				4D421DCB24C8A7CB002DE57B /* FacebookLogin in Frameworks */,
				4D421DCD24C8A7CB002DE57B /* FacebookShare in Frameworks */,
				4D1287D62473D30200C4E3DF /* Moya in Frameworks */,
				4D1287F924743B2500C4E3DF /* GoogleAppMeasurement.framework in Frameworks */,
				4D12880124743B2500C4E3DF /* FirebaseCoreDiagnostics.xcframework in Frameworks */,
				4D1287FC24743B2500C4E3DF /* GoogleDataTransport.xcframework in Frameworks */,
				4D1287FE24743B2500C4E3DF /* GoogleUtilities.xcframework in Frameworks */,
				4D1287FA24743B2500C4E3DF /* nanopb.xcframework in Frameworks */,
				4D1287FF24743B2500C4E3DF /* FirebaseCore.xcframework in Frameworks */,
				4D12880224743B2500C4E3DF /* GoogleDataTransportCCTSupport.xcframework in Frameworks */,
				4D12880524743B7700C4E3DF /* FirebaseCrashlytics.xcframework in Frameworks */,
				4D12880024743B2500C4E3DF /* FirebaseAnalytics.framework in Frameworks */,
				4D128818247443D500C4E3DF /* Gedatsu in Frameworks */,
				4D1287F824743B2500C4E3DF /* FirebaseInstallations.xcframework in Frameworks */,
				4D2EEA0824C8B93000E7A687 /* FBLPromises in Frameworks */,
				4D1287FD24743B2500C4E3DF /* FIRAnalyticsConnector.framework in Frameworks */,
				4D421DC924C8A7CB002DE57B /* FacebookCore in Frameworks */,
			);
			runOnlyForDeploymentPostprocessing = 0;
		};
/* End PBXFrameworksBuildPhase section */

/* Begin PBXGroup section */
		4D1287B12473D15000C4E3DF = {
			isa = PBXGroup;
			children = (
				4D1287BC2473D15000C4E3DF /* Dionysos */,
				4D1287BB2473D15000C4E3DF /* Products */,
			);
			indentWidth = 5;
			sourceTree = "<group>";
		};
		4D1287BB2473D15000C4E3DF /* Products */ = {
			isa = PBXGroup;
			children = (
				4D1287BA2473D15000C4E3DF /* Dionysos.app */,
			);
			name = Products;
			sourceTree = "<group>";
		};
		4D1287BC2473D15000C4E3DF /* Dionysos */ = {
			isa = PBXGroup;
			children = (
				4D1288192474446C00C4E3DF /* Common */,
				4D421DB424C8880A002DE57B /* Network */,
				4D421DC524C892E2002DE57B /* Main */,
				4D1287DC2473DC0D00C4E3DF /* Supported Files */,
			);
			path = Dionysos;
			sourceTree = "<group>";
		};
		4D1287DC2473DC0D00C4E3DF /* Supported Files */ = {
			isa = PBXGroup;
			children = (
				4D1287EB2474396900C4E3DF /* FrameWorks */,
				4D1287C62473D15300C4E3DF /* Assets.xcassets */,
				4D1287C82473D15300C4E3DF /* LaunchScreen.storyboard */,
				4D1287BD2473D15000C4E3DF /* AppDelegate.swift */,
				4D1287BF2473D15000C4E3DF /* SceneDelegate.swift */,
				4D1287CB2473D15300C4E3DF /* Info.plist */,
				4D1287DA2473D9F200C4E3DF /* .swiftlint.yml */,
				4D1288132474404F00C4E3DF /* GoogleService-Info.plist */,
			);
			name = "Supported Files";
			sourceTree = "<group>";
		};
		4D1287EB2474396900C4E3DF /* FrameWorks */ = {
			isa = PBXGroup;
			children = (
				4D12880324743B6400C4E3DF /* Resource */,
				4D12880C24743CD400C4E3DF /* module.modulemap */,
				4D1287E92474391700C4E3DF /* Firebase.h */,
				4D12880424743B7700C4E3DF /* FirebaseCrashlytics.xcframework */,
				4D1287F224743B2400C4E3DF /* FIRAnalyticsConnector.framework */,
				4D1287F524743B2400C4E3DF /* FirebaseAnalytics.framework */,
				4D1287F424743B2400C4E3DF /* FirebaseCore.xcframework */,
				4D1287F624743B2400C4E3DF /* FirebaseCoreDiagnostics.xcframework */,
				4D1287ED24743B2300C4E3DF /* FirebaseInstallations.xcframework */,
				4D1287EE24743B2300C4E3DF /* GoogleAppMeasurement.framework */,
				4D1287F124743B2400C4E3DF /* GoogleDataTransport.xcframework */,
				4D1287F724743B2500C4E3DF /* GoogleDataTransportCCTSupport.xcframework */,
				4D1287F324743B2400C4E3DF /* GoogleUtilities.xcframework */,
				4D1287EF24743B2300C4E3DF /* nanopb.xcframework */,
			);
			path = FrameWorks;
			sourceTree = "<group>";
		};
		4D12880324743B6400C4E3DF /* Resource */ = {
			isa = PBXGroup;
			children = (
				4D12880724743B7D00C4E3DF /* run */,
				4D12880624743B7C00C4E3DF /* upload-symbols */,
			);
			path = Resource;
			sourceTree = "<group>";
		};
		4D1288192474446C00C4E3DF /* Common */ = {
			isa = PBXGroup;
			children = (
				4D12881A2474447900C4E3DF /* Logger.swift */,
				4D421DBC24C88EC9002DE57B /* SocialLoginHelper.swift */,
				4D421DBE24C88ECF002DE57B /* SocialLogin */,
			);
			path = Common;
			sourceTree = "<group>";
		};
		4D421DB424C8880A002DE57B /* Network */ = {
			isa = PBXGroup;
			children = (
				4D421DB524C88894002DE57B /* DionysosService.swift */,
				4D421DB724C88940002DE57B /* DionysosProvider.swift */,
			);
			path = Network;
			sourceTree = "<group>";
		};
		4D421DBE24C88ECF002DE57B /* SocialLogin */ = {
			isa = PBXGroup;
			children = (
				4D421DBF24C88EE1002DE57B /* FacebookLogin.swift */,
				4D421DC124C88EEC002DE57B /* AppleLogin.swift */,
				4D421DC324C88EF4002DE57B /* KakaoLogin.swift */,
			);
			path = SocialLogin;
			sourceTree = "<group>";
		};
		4D421DC524C892E2002DE57B /* Main */ = {
			isa = PBXGroup;
			children = (
				4D1287C12473D15000C4E3DF /* ViewController.swift */,
				4D1287C32473D15000C4E3DF /* Main.storyboard */,
			);
			path = Main;
			sourceTree = "<group>";
		};
/* End PBXGroup section */

/* Begin PBXNativeTarget section */
		4D1287B92473D15000C4E3DF /* Dionysos */ = {
			isa = PBXNativeTarget;
			buildConfigurationList = 4D1287CE2473D15300C4E3DF /* Build configuration list for PBXNativeTarget "Dionysos" */;
			buildPhases = (
				4D1287D82473D83D00C4E3DF /* SwiftLint */,
				4D1287B62473D15000C4E3DF /* Sources */,
				4D1287B72473D15000C4E3DF /* Frameworks */,
				4D1287B82473D15000C4E3DF /* Resources */,
				4D128815247440EF00C4E3DF /* Fabric Run */,
			);
			buildRules = (
			);
			dependencies = (
			);
			name = Dionysos;
			packageProductDependencies = (
				4D1287D52473D30200C4E3DF /* Moya */,
				4D1287E7247438B100C4E3DF /* SDWebImage */,
				4D128817247443D500C4E3DF /* Gedatsu */,
				4D421DC824C8A7CB002DE57B /* FacebookCore */,
				4D421DCA24C8A7CB002DE57B /* FacebookLogin */,
				4D421DCC24C8A7CB002DE57B /* FacebookShare */,
				4D2EEA0524C8B93000E7A687 /* Promises */,
				4D2EEA0724C8B93000E7A687 /* FBLPromises */,
			);
			productName = Dionysos;
			productReference = 4D1287BA2473D15000C4E3DF /* Dionysos.app */;
			productType = "com.apple.product-type.application";
		};
/* End PBXNativeTarget section */

/* Begin PBXProject section */
		4D1287B22473D15000C4E3DF /* Project object */ = {
			isa = PBXProject;
			attributes = {
				LastSwiftUpdateCheck = 1140;
				LastUpgradeCheck = 1140;
				ORGANIZATIONNAME = Mashup;
				TargetAttributes = {
					4D1287B92473D15000C4E3DF = {
						CreatedOnToolsVersion = 11.4.1;
					};
				};
			};
			buildConfigurationList = 4D1287B52473D15000C4E3DF /* Build configuration list for PBXProject "Dionysos" */;
			compatibilityVersion = "Xcode 9.3";
			developmentRegion = en;
			hasScannedForEncodings = 0;
			knownRegions = (
				en,
				Base,
			);
			mainGroup = 4D1287B12473D15000C4E3DF;
			packageReferences = (
				4D1287D42473D30200C4E3DF /* XCRemoteSwiftPackageReference "Moya" */,
				4D1287D72473D36100C4E3DF /* XCRemoteSwiftPackageReference "SDWebImage" */,
				4D128816247443D500C4E3DF /* XCRemoteSwiftPackageReference "Gedatsu" */,
				4D421DC724C8A7CB002DE57B /* XCRemoteSwiftPackageReference "facebook-ios-sdk" */,
				4D2EEA0424C8B93000E7A687 /* XCRemoteSwiftPackageReference "promises" */,
			);
			productRefGroup = 4D1287BB2473D15000C4E3DF /* Products */;
			projectDirPath = "";
			projectRoot = "";
			targets = (
				4D1287B92473D15000C4E3DF /* Dionysos */,
			);
		};
/* End PBXProject section */

/* Begin PBXResourcesBuildPhase section */
		4D1287B82473D15000C4E3DF /* Resources */ = {
			isa = PBXResourcesBuildPhase;
			buildActionMask = 2147483647;
			files = (
				4D12880924743B7D00C4E3DF /* run in Resources */,
				4D1287DB2473D9F200C4E3DF /* .swiftlint.yml in Resources */,
				4D1287CA2473D15300C4E3DF /* LaunchScreen.storyboard in Resources */,
				4D12880824743B7D00C4E3DF /* upload-symbols in Resources */,
				4D1287C72473D15300C4E3DF /* Assets.xcassets in Resources */,
				4D1287C52473D15000C4E3DF /* Main.storyboard in Resources */,
				4D1288142474404F00C4E3DF /* GoogleService-Info.plist in Resources */,
			);
			runOnlyForDeploymentPostprocessing = 0;
		};
/* End PBXResourcesBuildPhase section */

/* Begin PBXShellScriptBuildPhase section */
		4D1287D82473D83D00C4E3DF /* SwiftLint */ = {
			isa = PBXShellScriptBuildPhase;
			buildActionMask = 2147483647;
			files = (
			);
			inputFileListPaths = (
			);
			inputPaths = (
			);
			name = SwiftLint;
			outputFileListPaths = (
			);
			outputPaths = (
			);
			runOnlyForDeploymentPostprocessing = 0;
			shellPath = /bin/sh;
			shellScript = "if which swiftlint >/dev/null; then\n  swiftlint\nelse\n  echo \"warning: SwiftLint not installed, download from https://github.com/realm/SwiftLint\"\nfi\n";
		};
		4D128815247440EF00C4E3DF /* Fabric Run */ = {
			isa = PBXShellScriptBuildPhase;
			buildActionMask = 2147483647;
			files = (
			);
			inputFileListPaths = (
			);
			inputPaths = (
			);
			name = "Fabric Run";
			outputFileListPaths = (
			);
			outputPaths = (
			);
			runOnlyForDeploymentPostprocessing = 0;
			shellPath = /bin/sh;
			shellScript = "\"${PROJECT_DIR}/Dionysos/FrameWorks/Resource/run\"\n";
		};
/* End PBXShellScriptBuildPhase section */

/* Begin PBXSourcesBuildPhase section */
		4D1287B62473D15000C4E3DF /* Sources */ = {
			isa = PBXSourcesBuildPhase;
			buildActionMask = 2147483647;
			files = (
				4D1287C22473D15000C4E3DF /* ViewController.swift in Sources */,
				4D421DC224C88EEC002DE57B /* AppleLogin.swift in Sources */,
				4D421DC024C88EE1002DE57B /* FacebookLogin.swift in Sources */,
				4D1287BE2473D15000C4E3DF /* AppDelegate.swift in Sources */,
				4D12881B2474447900C4E3DF /* Logger.swift in Sources */,
				4D421DC424C88EF4002DE57B /* KakaoLogin.swift in Sources */,
				4D1287C02473D15000C4E3DF /* SceneDelegate.swift in Sources */,
				4D421DB824C88940002DE57B /* DionysosProvider.swift in Sources */,
				4D421DB624C88894002DE57B /* DionysosService.swift in Sources */,
				4D421DBD24C88EC9002DE57B /* SocialLoginHelper.swift in Sources */,
			);
			runOnlyForDeploymentPostprocessing = 0;
		};
/* End PBXSourcesBuildPhase section */

/* Begin PBXVariantGroup section */
		4D1287C32473D15000C4E3DF /* Main.storyboard */ = {
			isa = PBXVariantGroup;
			children = (
				4D1287C42473D15000C4E3DF /* Base */,
			);
			name = Main.storyboard;
			sourceTree = "<group>";
		};
		4D1287C82473D15300C4E3DF /* LaunchScreen.storyboard */ = {
			isa = PBXVariantGroup;
			children = (
				4D1287C92473D15300C4E3DF /* Base */,
			);
			name = LaunchScreen.storyboard;
			sourceTree = "<group>";
		};
/* End PBXVariantGroup section */

/* Begin XCBuildConfiguration section */
		4D1287CC2473D15300C4E3DF /* Debug */ = {
			isa = XCBuildConfiguration;
			buildSettings = {
				ALWAYS_SEARCH_USER_PATHS = NO;
				CLANG_ANALYZER_NONNULL = YES;
				CLANG_ANALYZER_NUMBER_OBJECT_CONVERSION = YES_AGGRESSIVE;
				CLANG_CXX_LANGUAGE_STANDARD = "gnu++14";
				CLANG_CXX_LIBRARY = "libc++";
				CLANG_ENABLE_MODULES = YES;
				CLANG_ENABLE_OBJC_ARC = YES;
				CLANG_ENABLE_OBJC_WEAK = YES;
				CLANG_WARN_BLOCK_CAPTURE_AUTORELEASING = YES;
				CLANG_WARN_BOOL_CONVERSION = YES;
				CLANG_WARN_COMMA = YES;
				CLANG_WARN_CONSTANT_CONVERSION = YES;
				CLANG_WARN_DEPRECATED_OBJC_IMPLEMENTATIONS = YES;
				CLANG_WARN_DIRECT_OBJC_ISA_USAGE = YES_ERROR;
				CLANG_WARN_DOCUMENTATION_COMMENTS = YES;
				CLANG_WARN_EMPTY_BODY = YES;
				CLANG_WARN_ENUM_CONVERSION = YES;
				CLANG_WARN_INFINITE_RECURSION = YES;
				CLANG_WARN_INT_CONVERSION = YES;
				CLANG_WARN_NON_LITERAL_NULL_CONVERSION = YES;
				CLANG_WARN_OBJC_IMPLICIT_RETAIN_SELF = YES;
				CLANG_WARN_OBJC_LITERAL_CONVERSION = YES;
				CLANG_WARN_OBJC_ROOT_CLASS = YES_ERROR;
				CLANG_WARN_RANGE_LOOP_ANALYSIS = YES;
				CLANG_WARN_STRICT_PROTOTYPES = YES;
				CLANG_WARN_SUSPICIOUS_MOVE = YES;
				CLANG_WARN_UNGUARDED_AVAILABILITY = YES_AGGRESSIVE;
				CLANG_WARN_UNREACHABLE_CODE = YES;
				CLANG_WARN__DUPLICATE_METHOD_MATCH = YES;
				COPY_PHASE_STRIP = NO;
				DEBUG_INFORMATION_FORMAT = dwarf;
				ENABLE_STRICT_OBJC_MSGSEND = YES;
				ENABLE_TESTABILITY = YES;
				GCC_C_LANGUAGE_STANDARD = gnu11;
				GCC_DYNAMIC_NO_PIC = NO;
				GCC_NO_COMMON_BLOCKS = YES;
				GCC_OPTIMIZATION_LEVEL = 0;
				GCC_PREPROCESSOR_DEFINITIONS = (
					"DEBUG=1",
					"$(inherited)",
				);
				GCC_WARN_64_TO_32_BIT_CONVERSION = YES;
				GCC_WARN_ABOUT_RETURN_TYPE = YES_ERROR;
				GCC_WARN_UNDECLARED_SELECTOR = YES;
				GCC_WARN_UNINITIALIZED_AUTOS = YES_AGGRESSIVE;
				GCC_WARN_UNUSED_FUNCTION = YES;
				GCC_WARN_UNUSED_VARIABLE = YES;
				HEADER_SEARCH_PATHS = "$(SRCROOT)/Dionysos/FrameWorks";
				IPHONEOS_DEPLOYMENT_TARGET = 13.4;
				MTL_ENABLE_DEBUG_INFO = INCLUDE_SOURCE;
				MTL_FAST_MATH = YES;
				ONLY_ACTIVE_ARCH = YES;
				OTHER_LDFLAGS = (
					"$(OTHER_LDFLAGS)",
					"-ObjC",
				);
				OTHER_SWIFT_FLAGS = "-D DEBUG";
				SDKROOT = iphoneos;
				SWIFT_ACTIVE_COMPILATION_CONDITIONS = DEBUG;
				SWIFT_OPTIMIZATION_LEVEL = "-Onone";
			};
			name = Debug;
		};
		4D1287CD2473D15300C4E3DF /* Release */ = {
			isa = XCBuildConfiguration;
			buildSettings = {
				ALWAYS_SEARCH_USER_PATHS = NO;
				CLANG_ANALYZER_NONNULL = YES;
				CLANG_ANALYZER_NUMBER_OBJECT_CONVERSION = YES_AGGRESSIVE;
				CLANG_CXX_LANGUAGE_STANDARD = "gnu++14";
				CLANG_CXX_LIBRARY = "libc++";
				CLANG_ENABLE_MODULES = YES;
				CLANG_ENABLE_OBJC_ARC = YES;
				CLANG_ENABLE_OBJC_WEAK = YES;
				CLANG_WARN_BLOCK_CAPTURE_AUTORELEASING = YES;
				CLANG_WARN_BOOL_CONVERSION = YES;
				CLANG_WARN_COMMA = YES;
				CLANG_WARN_CONSTANT_CONVERSION = YES;
				CLANG_WARN_DEPRECATED_OBJC_IMPLEMENTATIONS = YES;
				CLANG_WARN_DIRECT_OBJC_ISA_USAGE = YES_ERROR;
				CLANG_WARN_DOCUMENTATION_COMMENTS = YES;
				CLANG_WARN_EMPTY_BODY = YES;
				CLANG_WARN_ENUM_CONVERSION = YES;
				CLANG_WARN_INFINITE_RECURSION = YES;
				CLANG_WARN_INT_CONVERSION = YES;
				CLANG_WARN_NON_LITERAL_NULL_CONVERSION = YES;
				CLANG_WARN_OBJC_IMPLICIT_RETAIN_SELF = YES;
				CLANG_WARN_OBJC_LITERAL_CONVERSION = YES;
				CLANG_WARN_OBJC_ROOT_CLASS = YES_ERROR;
				CLANG_WARN_RANGE_LOOP_ANALYSIS = YES;
				CLANG_WARN_STRICT_PROTOTYPES = YES;
				CLANG_WARN_SUSPICIOUS_MOVE = YES;
				CLANG_WARN_UNGUARDED_AVAILABILITY = YES_AGGRESSIVE;
				CLANG_WARN_UNREACHABLE_CODE = YES;
				CLANG_WARN__DUPLICATE_METHOD_MATCH = YES;
				COPY_PHASE_STRIP = NO;
				DEBUG_INFORMATION_FORMAT = "dwarf-with-dsym";
				ENABLE_NS_ASSERTIONS = NO;
				ENABLE_STRICT_OBJC_MSGSEND = YES;
				GCC_C_LANGUAGE_STANDARD = gnu11;
				GCC_NO_COMMON_BLOCKS = YES;
				GCC_WARN_64_TO_32_BIT_CONVERSION = YES;
				GCC_WARN_ABOUT_RETURN_TYPE = YES_ERROR;
				GCC_WARN_UNDECLARED_SELECTOR = YES;
				GCC_WARN_UNINITIALIZED_AUTOS = YES_AGGRESSIVE;
				GCC_WARN_UNUSED_FUNCTION = YES;
				GCC_WARN_UNUSED_VARIABLE = YES;
				HEADER_SEARCH_PATHS = "$(SRCROOT)/Dionysos/FrameWorks";
				IPHONEOS_DEPLOYMENT_TARGET = 13.4;
				MTL_ENABLE_DEBUG_INFO = NO;
				MTL_FAST_MATH = YES;
				OTHER_LDFLAGS = (
					"$(OTHER_LDFLAGS)",
					"-ObjC",
				);
				OTHER_SWIFT_FLAGS = "-D RELEASE";
				SDKROOT = iphoneos;
				SWIFT_COMPILATION_MODE = wholemodule;
				SWIFT_OPTIMIZATION_LEVEL = "-O";
				VALIDATE_PRODUCT = YES;
			};
			name = Release;
		};
		4D1287CF2473D15300C4E3DF /* Debug */ = {
			isa = XCBuildConfiguration;
			buildSettings = {
				ASSETCATALOG_COMPILER_APPICON_NAME = AppIcon;
				CODE_SIGN_IDENTITY = "iPhone Developer";
				CODE_SIGN_STYLE = Manual;
				DEVELOPMENT_TEAM = TA757FA6NR;
				FRAMEWORK_SEARCH_PATHS = (
					"$(inherited)",
					"$(PROJECT_DIR)/Dionysos/FrameWorks",
				);
				INFOPLIST_FILE = Dionysos/Info.plist;
				IPHONEOS_DEPLOYMENT_TARGET = 13.0;
				LD_RUNPATH_SEARCH_PATHS = (
					"$(inherited)",
					"@executable_path/Frameworks",
				);
				PRODUCT_BUNDLE_IDENTIFIER = kr.co.Mashup.Dionysos;
				PRODUCT_NAME = "$(TARGET_NAME)";
				PROVISIONING_PROFILE_SPECIFIER = "Dionysos PP";
				SWIFT_VERSION = 5.0;
				TARGETED_DEVICE_FAMILY = 1;
			};
			name = Debug;
		};
		4D1287D02473D15300C4E3DF /* Release */ = {
			isa = XCBuildConfiguration;
			buildSettings = {
				ASSETCATALOG_COMPILER_APPICON_NAME = AppIcon;
				CODE_SIGN_IDENTITY = "iPhone Developer";
				CODE_SIGN_STYLE = Manual;
				DEVELOPMENT_TEAM = TA757FA6NR;
				FRAMEWORK_SEARCH_PATHS = (
					"$(inherited)",
					"$(PROJECT_DIR)/Dionysos/FrameWorks",
				);
				INFOPLIST_FILE = Dionysos/Info.plist;
				IPHONEOS_DEPLOYMENT_TARGET = 13.0;
				LD_RUNPATH_SEARCH_PATHS = (
					"$(inherited)",
					"@executable_path/Frameworks",
				);
				PRODUCT_BUNDLE_IDENTIFIER = kr.co.Mashup.Dionysos;
				PRODUCT_NAME = "$(TARGET_NAME)";
				PROVISIONING_PROFILE_SPECIFIER = "Dionysos PP";
				SWIFT_VERSION = 5.0;
				TARGETED_DEVICE_FAMILY = 1;
			};
			name = Release;
		};
/* End XCBuildConfiguration section */

/* Begin XCConfigurationList section */
		4D1287B52473D15000C4E3DF /* Build configuration list for PBXProject "Dionysos" */ = {
			isa = XCConfigurationList;
			buildConfigurations = (
				4D1287CC2473D15300C4E3DF /* Debug */,
				4D1287CD2473D15300C4E3DF /* Release */,
			);
			defaultConfigurationIsVisible = 0;
			defaultConfigurationName = Release;
		};
		4D1287CE2473D15300C4E3DF /* Build configuration list for PBXNativeTarget "Dionysos" */ = {
			isa = XCConfigurationList;
			buildConfigurations = (
				4D1287CF2473D15300C4E3DF /* Debug */,
				4D1287D02473D15300C4E3DF /* Release */,
			);
			defaultConfigurationIsVisible = 0;
			defaultConfigurationName = Release;
		};
/* End XCConfigurationList section */

/* Begin XCRemoteSwiftPackageReference section */
		4D1287D42473D30200C4E3DF /* XCRemoteSwiftPackageReference "Moya" */ = {
			isa = XCRemoteSwiftPackageReference;
			repositoryURL = "https://github.com/Moya/Moya.git";
			requirement = {
				kind = upToNextMajorVersion;
				minimumVersion = 14.0.0;
			};
		};
		4D1287D72473D36100C4E3DF /* XCRemoteSwiftPackageReference "SDWebImage" */ = {
			isa = XCRemoteSwiftPackageReference;
			repositoryURL = "https://github.com/SDWebImage/SDWebImage.git";
			requirement = {
				kind = upToNextMajorVersion;
				minimumVersion = 5.8.0;
			};
		};
		4D128816247443D500C4E3DF /* XCRemoteSwiftPackageReference "Gedatsu" */ = {
			isa = XCRemoteSwiftPackageReference;
			repositoryURL = "https://github.com/bannzai/Gedatsu.git";
			requirement = {
				kind = upToNextMajorVersion;
				minimumVersion = 1.1.10;
			};
		};
		4D2EEA0424C8B93000E7A687 /* XCRemoteSwiftPackageReference "promises" */ = {
			isa = XCRemoteSwiftPackageReference;
			repositoryURL = "https://github.com/google/promises.git";
			requirement = {
				kind = upToNextMajorVersion;
				minimumVersion = 1.2.9;
			};
		};
		4D421DC724C8A7CB002DE57B /* XCRemoteSwiftPackageReference "facebook-ios-sdk" */ = {
			isa = XCRemoteSwiftPackageReference;
			repositoryURL = "https://github.com/facebook/facebook-ios-sdk";
			requirement = {
				kind = upToNextMajorVersion;
				minimumVersion = 7.1.1;
			};
		};
/* End XCRemoteSwiftPackageReference section */

/* Begin XCSwiftPackageProductDependency section */
		4D1287D52473D30200C4E3DF /* Moya */ = {
			isa = XCSwiftPackageProductDependency;
			package = 4D1287D42473D30200C4E3DF /* XCRemoteSwiftPackageReference "Moya" */;
			productName = Moya;
		};
		4D1287E7247438B100C4E3DF /* SDWebImage */ = {
			isa = XCSwiftPackageProductDependency;
			package = 4D1287D72473D36100C4E3DF /* XCRemoteSwiftPackageReference "SDWebImage" */;
			productName = SDWebImage;
		};
		4D128817247443D500C4E3DF /* Gedatsu */ = {
			isa = XCSwiftPackageProductDependency;
			package = 4D128816247443D500C4E3DF /* XCRemoteSwiftPackageReference "Gedatsu" */;
			productName = Gedatsu;
		};
		4D2EEA0524C8B93000E7A687 /* Promises */ = {
			isa = XCSwiftPackageProductDependency;
			package = 4D2EEA0424C8B93000E7A687 /* XCRemoteSwiftPackageReference "promises" */;
			productName = Promises;
		};
		4D2EEA0724C8B93000E7A687 /* FBLPromises */ = {
			isa = XCSwiftPackageProductDependency;
			package = 4D2EEA0424C8B93000E7A687 /* XCRemoteSwiftPackageReference "promises" */;
			productName = FBLPromises;
		};
		4D421DC824C8A7CB002DE57B /* FacebookCore */ = {
			isa = XCSwiftPackageProductDependency;
			package = 4D421DC724C8A7CB002DE57B /* XCRemoteSwiftPackageReference "facebook-ios-sdk" */;
			productName = FacebookCore;
		};
		4D421DCA24C8A7CB002DE57B /* FacebookLogin */ = {
			isa = XCSwiftPackageProductDependency;
			package = 4D421DC724C8A7CB002DE57B /* XCRemoteSwiftPackageReference "facebook-ios-sdk" */;
			productName = FacebookLogin;
		};
		4D421DCC24C8A7CB002DE57B /* FacebookShare */ = {
			isa = XCSwiftPackageProductDependency;
			package = 4D421DC724C8A7CB002DE57B /* XCRemoteSwiftPackageReference "facebook-ios-sdk" */;
			productName = FacebookShare;
		};
/* End XCSwiftPackageProductDependency section */
	};
	rootObject = 4D1287B22473D15000C4E3DF /* Project object */;
}
